// !$*UTF8*$!
{
	archiveVersion = 1;
	classes = {
	};
	objectVersion = 52;
	objects = {

/* Begin PBXBuildFile section */
		2B297511264C1B9B0091FBDD /* NBA_StatsApp.swift in Sources */ = {isa = PBXBuildFile; fileRef = 2B297510264C1B9B0091FBDD /* NBA_StatsApp.swift */; };
		2B297513264C1B9B0091FBDD /* TeamCardView.swift in Sources */ = {isa = PBXBuildFile; fileRef = 2B297512264C1B9B0091FBDD /* TeamCardView.swift */; };
		2B297515264C1B9C0091FBDD /* Assets.xcassets in Resources */ = {isa = PBXBuildFile; fileRef = 2B297514264C1B9C0091FBDD /* Assets.xcassets */; };
		2B297518264C1B9C0091FBDD /* Preview Assets.xcassets in Resources */ = {isa = PBXBuildFile; fileRef = 2B297517264C1B9C0091FBDD /* Preview Assets.xcassets */; };
		2B297523264C21520091FBDD /* Constants.swift in Sources */ = {isa = PBXBuildFile; fileRef = 2B297522264C21520091FBDD /* Constants.swift */; };
		2B297525264C3C0D0091FBDD /* UserHomeView.swift in Sources */ = {isa = PBXBuildFile; fileRef = 2B297524264C3C0D0091FBDD /* UserHomeView.swift */; };
		2B297527264C45B40091FBDD /* APIService.swift in Sources */ = {isa = PBXBuildFile; fileRef = 2B297526264C45B40091FBDD /* APIService.swift */; };
		2B29752B264C46AA0091FBDD /* ApiResponse.swift in Sources */ = {isa = PBXBuildFile; fileRef = 2B29752A264C46AA0091FBDD /* ApiResponse.swift */; };
		2B29752D264C4ADF0091FBDD /* SelectTeamsView.swift in Sources */ = {isa = PBXBuildFile; fileRef = 2B29752C264C4ADF0091FBDD /* SelectTeamsView.swift */; };
		2B29752F264C58810091FBDD /* SearchBar.swift in Sources */ = {isa = PBXBuildFile; fileRef = 2B29752E264C58810091FBDD /* SearchBar.swift */; };
		2B59DCA9264ED204009B088C /* TabViewHome.swift in Sources */ = {isa = PBXBuildFile; fileRef = 2B59DCA8264ED204009B088C /* TabViewHome.swift */; };
		2B59DCAC264ED2CD009B088C /* TeamListViewModel.swift in Sources */ = {isa = PBXBuildFile; fileRef = 2B59DCAB264ED2CD009B088C /* TeamListViewModel.swift */; };
		2B59DCAE264ED335009B088C /* TeamViewModel.swift in Sources */ = {isa = PBXBuildFile; fileRef = 2B59DCAD264ED335009B088C /* TeamViewModel.swift */; };
		2B8AFC29265B43D100881E18 /* MyProgressView.swift in Sources */ = {isa = PBXBuildFile; fileRef = 2B8AFC28265B43D100881E18 /* MyProgressView.swift */; };
		2B8AFC2C265C121500881E18 /* Extension.swift in Sources */ = {isa = PBXBuildFile; fileRef = 2B8AFC2B265C121500881E18 /* Extension.swift */; };
		2B8AFC34265DC52D00881E18 /* SwiftUIX in Frameworks */ = {isa = PBXBuildFile; productRef = 2B8AFC33265DC52D00881E18 /* SwiftUIX */; };
		2B8AFC36265DC54B00881E18 /* TabBar.swift in Sources */ = {isa = PBXBuildFile; fileRef = 2B8AFC35265DC54B00881E18 /* TabBar.swift */; };
		2B8AFC38265DC5CF00881E18 /* PaginationViewCollection.swift in Sources */ = {isa = PBXBuildFile; fileRef = 2B8AFC37265DC5CF00881E18 /* PaginationViewCollection.swift */; };
		2B8AFC3A265F0E4900881E18 /* TeamPlayersDetails.swift in Sources */ = {isa = PBXBuildFile; fileRef = 2B8AFC39265F0E4900881E18 /* TeamPlayersDetails.swift */; };
		2B8AFC3C265F0F3C00881E18 /* TeamPlayersViewModel.swift in Sources */ = {isa = PBXBuildFile; fileRef = 2B8AFC3B265F0F3C00881E18 /* TeamPlayersViewModel.swift */; };
		2B8AFC3E265F3B4F00881E18 /* PlayerListRow.swift in Sources */ = {isa = PBXBuildFile; fileRef = 2B8AFC3D265F3B4F00881E18 /* PlayerListRow.swift */; };
		2B8C308E265131DC00C2CC0F /* extension.swift in Sources */ = {isa = PBXBuildFile; fileRef = 2B8C308D265131DC00C2CC0F /* extension.swift */; };
		2B8C3093265141F500C2CC0F /* team_seasonal_stats_583ece50-fb46-11e1-82cb-f4ce4684ea4c.json in Resources */ = {isa = PBXBuildFile; fileRef = 2B8C308F265141F500C2CC0F /* team_seasonal_stats_583ece50-fb46-11e1-82cb-f4ce4684ea4c.json */; };
		2B8C3094265141F500C2CC0F /* team_roster.json in Resources */ = {isa = PBXBuildFile; fileRef = 2B8C3090265141F500C2CC0F /* team_roster.json */; };
		2B8C3095265141F500C2CC0F /* data-2.json in Resources */ = {isa = PBXBuildFile; fileRef = 2B8C3091265141F500C2CC0F /* data-2.json */; };
		2B8C3096265141F500C2CC0F /* team_standing.json in Resources */ = {isa = PBXBuildFile; fileRef = 2B8C3092265141F500C2CC0F /* team_standing.json */; };
		2BDBC9DF2659CCCA003FF773 /* TeamSeasonalStats.swift in Sources */ = {isa = PBXBuildFile; fileRef = 2BDBC9DE2659CCCA003FF773 /* TeamSeasonalStats.swift */; };
		2BDBC9E12659ED20003FF773 /* TeamRecordDetails.swift in Sources */ = {isa = PBXBuildFile; fileRef = 2BDBC9E02659ED20003FF773 /* TeamRecordDetails.swift */; };
		2BDBCA02265AE03F003FF773 /* team_seasonal_stats_583ec9d6-fb46-11e1-82cb-f4ce4684ea4c.json in Resources */ = {isa = PBXBuildFile; fileRef = 2BDBC9E4265AE03E003FF773 /* team_seasonal_stats_583ec9d6-fb46-11e1-82cb-f4ce4684ea4c.json */; };
		2BDBCA03265AE03F003FF773 /* team_seasonal_stats_583ec70e-fb46-11e1-82cb-f4ce4684ea4c.json in Resources */ = {isa = PBXBuildFile; fileRef = 2BDBC9E5265AE03E003FF773 /* team_seasonal_stats_583ec70e-fb46-11e1-82cb-f4ce4684ea4c.json */; };
		2BDBCA04265AE03F003FF773 /* team_seasonal_stats_583ec87d-fb46-11e1-82cb-f4ce4684ea4c.json in Resources */ = {isa = PBXBuildFile; fileRef = 2BDBC9E6265AE03E003FF773 /* team_seasonal_stats_583ec87d-fb46-11e1-82cb-f4ce4684ea4c.json */; };
		2BDBCA05265AE03F003FF773 /* team_seasonal_stats_583ec97e-fb46-11e1-82cb-f4ce4684ea4c.json in Resources */ = {isa = PBXBuildFile; fileRef = 2BDBC9E7265AE03E003FF773 /* team_seasonal_stats_583ec97e-fb46-11e1-82cb-f4ce4684ea4c.json */; };
		2BDBCA06265AE03F003FF773 /* team_seasonal_stats_583ec773-fb46-11e1-82cb-f4ce4684ea4c.json in Resources */ = {isa = PBXBuildFile; fileRef = 2BDBC9E8265AE03E003FF773 /* team_seasonal_stats_583ec773-fb46-11e1-82cb-f4ce4684ea4c.json */; };
		2BDBCA07265AE03F003FF773 /* team_seasonal_stats_583ec825-fb46-11e1-82cb-f4ce4684ea4c.json in Resources */ = {isa = PBXBuildFile; fileRef = 2BDBC9E9265AE03E003FF773 /* team_seasonal_stats_583ec825-fb46-11e1-82cb-f4ce4684ea4c.json */; };
		2BDBCA08265AE03F003FF773 /* team_seasonal_stats_583ec928-fb46-11e1-82cb-f4ce4684ea4c.json in Resources */ = {isa = PBXBuildFile; fileRef = 2BDBC9EA265AE03E003FF773 /* team_seasonal_stats_583ec928-fb46-11e1-82cb-f4ce4684ea4c.json */; };
		2BDBCA09265AE03F003FF773 /* team_seasonal_stats_583eca2f-fb46-11e1-82cb-f4ce4684ea4c.json in Resources */ = {isa = PBXBuildFile; fileRef = 2BDBC9EB265AE03E003FF773 /* team_seasonal_stats_583eca2f-fb46-11e1-82cb-f4ce4684ea4c.json */; };
		2BDBCA0A265AE03F003FF773 /* team_seasonal_stats_583eca88-fb46-11e1-82cb-f4ce4684ea4c.json in Resources */ = {isa = PBXBuildFile; fileRef = 2BDBC9EC265AE03E003FF773 /* team_seasonal_stats_583eca88-fb46-11e1-82cb-f4ce4684ea4c.json */; };
		2BDBCA0B265AE03F003FF773 /* team_seasonal_stats_583ec7cd-fb46-11e1-82cb-f4ce4684ea4c.json in Resources */ = {isa = PBXBuildFile; fileRef = 2BDBC9ED265AE03E003FF773 /* team_seasonal_stats_583ec7cd-fb46-11e1-82cb-f4ce4684ea4c.json */; };
		2BDBCA0C265AE03F003FF773 /* team_seasonal_stats_583ec8d4-fb46-11e1-82cb-f4ce4684ea4c.json in Resources */ = {isa = PBXBuildFile; fileRef = 2BDBC9EE265AE03E003FF773 /* team_seasonal_stats_583ec8d4-fb46-11e1-82cb-f4ce4684ea4c.json */; };
		2BDBCA0D265AE03F003FF773 /* team_seasonal_stats_583ec5fd-fb46-11e1-82cb-f4ce4684ea4c.json in Resources */ = {isa = PBXBuildFile; fileRef = 2BDBC9EF265AE03E003FF773 /* team_seasonal_stats_583ec5fd-fb46-11e1-82cb-f4ce4684ea4c.json */; };
		2BDBCA0E265AE03F003FF773 /* team_seasonal_stats_583ecae2-fb46-11e1-82cb-f4ce4684ea4c.json in Resources */ = {isa = PBXBuildFile; fileRef = 2BDBC9F0265AE03E003FF773 /* team_seasonal_stats_583ecae2-fb46-11e1-82cb-f4ce4684ea4c.json */; };
		2BDBCA0F265AE03F003FF773 /* team_seasonal_stats_583ecb3a-fb46-11e1-82cb-f4ce4684ea4c.json in Resources */ = {isa = PBXBuildFile; fileRef = 2BDBC9F1265AE03E003FF773 /* team_seasonal_stats_583ecb3a-fb46-11e1-82cb-f4ce4684ea4c.json */; };
		2BDBCA10265AE03F003FF773 /* team_seasonal_stats_583ecb8f-fb46-11e1-82cb-f4ce4684ea4c.json in Resources */ = {isa = PBXBuildFile; fileRef = 2BDBC9F2265AE03E003FF773 /* team_seasonal_stats_583ecb8f-fb46-11e1-82cb-f4ce4684ea4c.json */; };
		2BDBCA11265AE03F003FF773 /* team_seasonal_stats_583ecc9a-fb46-11e1-82cb-f4ce4684ea4c.json in Resources */ = {isa = PBXBuildFile; fileRef = 2BDBC9F3265AE03E003FF773 /* team_seasonal_stats_583ecc9a-fb46-11e1-82cb-f4ce4684ea4c.json */; };
		2BDBCA12265AE03F003FF773 /* team_seasonal_stats_583eccfa-fb46-11e1-82cb-f4ce4684ea4c.json in Resources */ = {isa = PBXBuildFile; fileRef = 2BDBC9F4265AE03E003FF773 /* team_seasonal_stats_583eccfa-fb46-11e1-82cb-f4ce4684ea4c.json */; };
		2BDBCA13265AE03F003FF773 /* team_seasonal_stats_583ecd4f-fb46-11e1-82cb-f4ce4684ea4c.json in Resources */ = {isa = PBXBuildFile; fileRef = 2BDBC9F5265AE03E003FF773 /* team_seasonal_stats_583ecd4f-fb46-11e1-82cb-f4ce4684ea4c.json */; };
		2BDBCA14265AE03F003FF773 /* team_seasonal_stats_583ecda6-fb46-11e1-82cb-f4ce4684ea4c.json in Resources */ = {isa = PBXBuildFile; fileRef = 2BDBC9F6265AE03E003FF773 /* team_seasonal_stats_583ecda6-fb46-11e1-82cb-f4ce4684ea4c.json */; };
		2BDBCA15265AE03F003FF773 /* team_seasonal_stats_583ecdfb-fb46-11e1-82cb-f4ce4684ea4c.json in Resources */ = {isa = PBXBuildFile; fileRef = 2BDBC9F7265AE03E003FF773 /* team_seasonal_stats_583ecdfb-fb46-11e1-82cb-f4ce4684ea4c.json */; };
		2BDBCA17265AE03F003FF773 /* team_seasonal_stats_583ecea6-fb46-11e1-82cb-f4ce4684ea4c.json in Resources */ = {isa = PBXBuildFile; fileRef = 2BDBC9F9265AE03E003FF773 /* team_seasonal_stats_583ecea6-fb46-11e1-82cb-f4ce4684ea4c.json */; };
		2BDBCA18265AE03F003FF773 /* team_seasonal_stats_583ecefd-fb46-11e1-82cb-f4ce4684ea4c.json in Resources */ = {isa = PBXBuildFile; fileRef = 2BDBC9FA265AE03E003FF773 /* team_seasonal_stats_583ecefd-fb46-11e1-82cb-f4ce4684ea4c.json */; };
		2BDBCA19265AE03F003FF773 /* team_seasonal_stats_583ecf50-fb46-11e1-82cb-f4ce4684ea4c.json in Resources */ = {isa = PBXBuildFile; fileRef = 2BDBC9FB265AE03F003FF773 /* team_seasonal_stats_583ecf50-fb46-11e1-82cb-f4ce4684ea4c.json */; };
		2BDBCA1A265AE03F003FF773 /* team_seasonal_stats_583ecfa8-fb46-11e1-82cb-f4ce4684ea4c.json in Resources */ = {isa = PBXBuildFile; fileRef = 2BDBC9FC265AE03F003FF773 /* team_seasonal_stats_583ecfa8-fb46-11e1-82cb-f4ce4684ea4c.json */; };
		2BDBCA1B265AE03F003FF773 /* team_seasonal_stats_583ecfff-fb46-11e1-82cb-f4ce4684ea4c.json in Resources */ = {isa = PBXBuildFile; fileRef = 2BDBC9FD265AE03F003FF773 /* team_seasonal_stats_583ecfff-fb46-11e1-82cb-f4ce4684ea4c.json */; };
		2BDBCA1C265AE03F003FF773 /* team_seasonal_stats_583ed0ac-fb46-11e1-82cb-f4ce4684ea4c.json in Resources */ = {isa = PBXBuildFile; fileRef = 2BDBC9FE265AE03F003FF773 /* team_seasonal_stats_583ed0ac-fb46-11e1-82cb-f4ce4684ea4c.json */; };
		2BDBCA1D265AE03F003FF773 /* team_seasonal_stats_583ed056-fb46-11e1-82cb-f4ce4684ea4c.json in Resources */ = {isa = PBXBuildFile; fileRef = 2BDBC9FF265AE03F003FF773 /* team_seasonal_stats_583ed056-fb46-11e1-82cb-f4ce4684ea4c.json */; };
		2BDBCA1E265AE03F003FF773 /* team_seasonal_stats_583ed102-fb46-11e1-82cb-f4ce4684ea4c.json in Resources */ = {isa = PBXBuildFile; fileRef = 2BDBCA00265AE03F003FF773 /* team_seasonal_stats_583ed102-fb46-11e1-82cb-f4ce4684ea4c.json */; };
		2BDBCA1F265AE03F003FF773 /* team_seasonal_stats_583ed157-fb46-11e1-82cb-f4ce4684ea4c.json in Resources */ = {isa = PBXBuildFile; fileRef = 2BDBCA01265AE03F003FF773 /* team_seasonal_stats_583ed157-fb46-11e1-82cb-f4ce4684ea4c.json */; };
/* End PBXBuildFile section */

/* Begin PBXFileReference section */
		2B29750D264C1B9B0091FBDD /* NBA Stats.app */ = {isa = PBXFileReference; explicitFileType = wrapper.application; includeInIndex = 0; path = "NBA Stats.app"; sourceTree = BUILT_PRODUCTS_DIR; };
		2B297510264C1B9B0091FBDD /* NBA_StatsApp.swift */ = {isa = PBXFileReference; lastKnownFileType = sourcecode.swift; path = NBA_StatsApp.swift; sourceTree = "<group>"; };
		2B297512264C1B9B0091FBDD /* TeamCardView.swift */ = {isa = PBXFileReference; lastKnownFileType = sourcecode.swift; path = TeamCardView.swift; sourceTree = "<group>"; };
		2B297514264C1B9C0091FBDD /* Assets.xcassets */ = {isa = PBXFileReference; lastKnownFileType = folder.assetcatalog; path = Assets.xcassets; sourceTree = "<group>"; };
		2B297517264C1B9C0091FBDD /* Preview Assets.xcassets */ = {isa = PBXFileReference; lastKnownFileType = folder.assetcatalog; path = "Preview Assets.xcassets"; sourceTree = "<group>"; };
		2B297519264C1B9C0091FBDD /* Info.plist */ = {isa = PBXFileReference; lastKnownFileType = text.plist.xml; path = Info.plist; sourceTree = "<group>"; };
		2B297522264C21520091FBDD /* Constants.swift */ = {isa = PBXFileReference; lastKnownFileType = sourcecode.swift; path = Constants.swift; sourceTree = "<group>"; };
		2B297524264C3C0D0091FBDD /* UserHomeView.swift */ = {isa = PBXFileReference; lastKnownFileType = sourcecode.swift; path = UserHomeView.swift; sourceTree = "<group>"; };
		2B297526264C45B40091FBDD /* APIService.swift */ = {isa = PBXFileReference; lastKnownFileType = sourcecode.swift; path = APIService.swift; sourceTree = "<group>"; };
		2B29752A264C46AA0091FBDD /* ApiResponse.swift */ = {isa = PBXFileReference; lastKnownFileType = sourcecode.swift; path = ApiResponse.swift; sourceTree = "<group>"; };
		2B29752C264C4ADF0091FBDD /* SelectTeamsView.swift */ = {isa = PBXFileReference; lastKnownFileType = sourcecode.swift; path = SelectTeamsView.swift; sourceTree = "<group>"; };
		2B29752E264C58810091FBDD /* SearchBar.swift */ = {isa = PBXFileReference; fileEncoding = 4; lastKnownFileType = sourcecode.swift; path = SearchBar.swift; sourceTree = "<group>"; };
		2B59DCA8264ED204009B088C /* TabViewHome.swift */ = {isa = PBXFileReference; lastKnownFileType = sourcecode.swift; path = TabViewHome.swift; sourceTree = "<group>"; };
		2B59DCAB264ED2CD009B088C /* TeamListViewModel.swift */ = {isa = PBXFileReference; lastKnownFileType = sourcecode.swift; path = TeamListViewModel.swift; sourceTree = "<group>"; };
		2B59DCAD264ED335009B088C /* TeamViewModel.swift */ = {isa = PBXFileReference; lastKnownFileType = sourcecode.swift; path = TeamViewModel.swift; sourceTree = "<group>"; };
		2B8AFC28265B43D100881E18 /* MyProgressView.swift */ = {isa = PBXFileReference; lastKnownFileType = sourcecode.swift; path = MyProgressView.swift; sourceTree = "<group>"; };
		2B8AFC2B265C121500881E18 /* Extension.swift */ = {isa = PBXFileReference; lastKnownFileType = sourcecode.swift; path = Extension.swift; sourceTree = "<group>"; };
		2B8AFC35265DC54B00881E18 /* TabBar.swift */ = {isa = PBXFileReference; fileEncoding = 4; lastKnownFileType = sourcecode.swift; path = TabBar.swift; sourceTree = "<group>"; };
		2B8AFC37265DC5CF00881E18 /* PaginationViewCollection.swift */ = {isa = PBXFileReference; fileEncoding = 4; lastKnownFileType = sourcecode.swift; path = PaginationViewCollection.swift; sourceTree = "<group>"; };
		2B8AFC39265F0E4900881E18 /* TeamPlayersDetails.swift */ = {isa = PBXFileReference; lastKnownFileType = sourcecode.swift; path = TeamPlayersDetails.swift; sourceTree = "<group>"; };
		2B8AFC3B265F0F3C00881E18 /* TeamPlayersViewModel.swift */ = {isa = PBXFileReference; lastKnownFileType = sourcecode.swift; path = TeamPlayersViewModel.swift; sourceTree = "<group>"; };
		2B8AFC3D265F3B4F00881E18 /* PlayerListRow.swift */ = {isa = PBXFileReference; lastKnownFileType = sourcecode.swift; path = PlayerListRow.swift; sourceTree = "<group>"; };
		2B8C308D265131DC00C2CC0F /* extension.swift */ = {isa = PBXFileReference; lastKnownFileType = sourcecode.swift; path = extension.swift; sourceTree = "<group>"; };
		2B8C308F265141F500C2CC0F /* team_seasonal_stats_583ece50-fb46-11e1-82cb-f4ce4684ea4c.json */ = {isa = PBXFileReference; fileEncoding = 4; lastKnownFileType = text.json; path = "team_seasonal_stats_583ece50-fb46-11e1-82cb-f4ce4684ea4c.json"; sourceTree = "<group>"; };
		2B8C3090265141F500C2CC0F /* team_roster.json */ = {isa = PBXFileReference; fileEncoding = 4; lastKnownFileType = text.json; path = team_roster.json; sourceTree = "<group>"; };
		2B8C3091265141F500C2CC0F /* data-2.json */ = {isa = PBXFileReference; fileEncoding = 4; lastKnownFileType = text.json; path = "data-2.json"; sourceTree = "<group>"; };
		2B8C3092265141F500C2CC0F /* team_standing.json */ = {isa = PBXFileReference; fileEncoding = 4; lastKnownFileType = text.json; path = team_standing.json; sourceTree = "<group>"; };
		2BDBC9DE2659CCCA003FF773 /* TeamSeasonalStats.swift */ = {isa = PBXFileReference; lastKnownFileType = sourcecode.swift; path = TeamSeasonalStats.swift; sourceTree = "<group>"; };
		2BDBC9E02659ED20003FF773 /* TeamRecordDetails.swift */ = {isa = PBXFileReference; lastKnownFileType = sourcecode.swift; path = TeamRecordDetails.swift; sourceTree = "<group>"; };
		2BDBC9E4265AE03E003FF773 /* team_seasonal_stats_583ec9d6-fb46-11e1-82cb-f4ce4684ea4c.json */ = {isa = PBXFileReference; fileEncoding = 4; lastKnownFileType = text.json; path = "team_seasonal_stats_583ec9d6-fb46-11e1-82cb-f4ce4684ea4c.json"; sourceTree = "<group>"; };
		2BDBC9E5265AE03E003FF773 /* team_seasonal_stats_583ec70e-fb46-11e1-82cb-f4ce4684ea4c.json */ = {isa = PBXFileReference; fileEncoding = 4; lastKnownFileType = text.json; path = "team_seasonal_stats_583ec70e-fb46-11e1-82cb-f4ce4684ea4c.json"; sourceTree = "<group>"; };
		2BDBC9E6265AE03E003FF773 /* team_seasonal_stats_583ec87d-fb46-11e1-82cb-f4ce4684ea4c.json */ = {isa = PBXFileReference; fileEncoding = 4; lastKnownFileType = text.json; path = "team_seasonal_stats_583ec87d-fb46-11e1-82cb-f4ce4684ea4c.json"; sourceTree = "<group>"; };
		2BDBC9E7265AE03E003FF773 /* team_seasonal_stats_583ec97e-fb46-11e1-82cb-f4ce4684ea4c.json */ = {isa = PBXFileReference; fileEncoding = 4; lastKnownFileType = text.json; path = "team_seasonal_stats_583ec97e-fb46-11e1-82cb-f4ce4684ea4c.json"; sourceTree = "<group>"; };
		2BDBC9E8265AE03E003FF773 /* team_seasonal_stats_583ec773-fb46-11e1-82cb-f4ce4684ea4c.json */ = {isa = PBXFileReference; fileEncoding = 4; lastKnownFileType = text.json; path = "team_seasonal_stats_583ec773-fb46-11e1-82cb-f4ce4684ea4c.json"; sourceTree = "<group>"; };
		2BDBC9E9265AE03E003FF773 /* team_seasonal_stats_583ec825-fb46-11e1-82cb-f4ce4684ea4c.json */ = {isa = PBXFileReference; fileEncoding = 4; lastKnownFileType = text.json; path = "team_seasonal_stats_583ec825-fb46-11e1-82cb-f4ce4684ea4c.json"; sourceTree = "<group>"; };
		2BDBC9EA265AE03E003FF773 /* team_seasonal_stats_583ec928-fb46-11e1-82cb-f4ce4684ea4c.json */ = {isa = PBXFileReference; fileEncoding = 4; lastKnownFileType = text.json; path = "team_seasonal_stats_583ec928-fb46-11e1-82cb-f4ce4684ea4c.json"; sourceTree = "<group>"; };
		2BDBC9EB265AE03E003FF773 /* team_seasonal_stats_583eca2f-fb46-11e1-82cb-f4ce4684ea4c.json */ = {isa = PBXFileReference; fileEncoding = 4; lastKnownFileType = text.json; path = "team_seasonal_stats_583eca2f-fb46-11e1-82cb-f4ce4684ea4c.json"; sourceTree = "<group>"; };
		2BDBC9EC265AE03E003FF773 /* team_seasonal_stats_583eca88-fb46-11e1-82cb-f4ce4684ea4c.json */ = {isa = PBXFileReference; fileEncoding = 4; lastKnownFileType = text.json; path = "team_seasonal_stats_583eca88-fb46-11e1-82cb-f4ce4684ea4c.json"; sourceTree = "<group>"; };
		2BDBC9ED265AE03E003FF773 /* team_seasonal_stats_583ec7cd-fb46-11e1-82cb-f4ce4684ea4c.json */ = {isa = PBXFileReference; fileEncoding = 4; lastKnownFileType = text.json; path = "team_seasonal_stats_583ec7cd-fb46-11e1-82cb-f4ce4684ea4c.json"; sourceTree = "<group>"; };
		2BDBC9EE265AE03E003FF773 /* team_seasonal_stats_583ec8d4-fb46-11e1-82cb-f4ce4684ea4c.json */ = {isa = PBXFileReference; fileEncoding = 4; lastKnownFileType = text.json; path = "team_seasonal_stats_583ec8d4-fb46-11e1-82cb-f4ce4684ea4c.json"; sourceTree = "<group>"; };
		2BDBC9EF265AE03E003FF773 /* team_seasonal_stats_583ec5fd-fb46-11e1-82cb-f4ce4684ea4c.json */ = {isa = PBXFileReference; fileEncoding = 4; lastKnownFileType = text.json; path = "team_seasonal_stats_583ec5fd-fb46-11e1-82cb-f4ce4684ea4c.json"; sourceTree = "<group>"; };
		2BDBC9F0265AE03E003FF773 /* team_seasonal_stats_583ecae2-fb46-11e1-82cb-f4ce4684ea4c.json */ = {isa = PBXFileReference; fileEncoding = 4; lastKnownFileType = text.json; path = "team_seasonal_stats_583ecae2-fb46-11e1-82cb-f4ce4684ea4c.json"; sourceTree = "<group>"; };
		2BDBC9F1265AE03E003FF773 /* team_seasonal_stats_583ecb3a-fb46-11e1-82cb-f4ce4684ea4c.json */ = {isa = PBXFileReference; fileEncoding = 4; lastKnownFileType = text.json; path = "team_seasonal_stats_583ecb3a-fb46-11e1-82cb-f4ce4684ea4c.json"; sourceTree = "<group>"; };
		2BDBC9F2265AE03E003FF773 /* team_seasonal_stats_583ecb8f-fb46-11e1-82cb-f4ce4684ea4c.json */ = {isa = PBXFileReference; fileEncoding = 4; lastKnownFileType = text.json; path = "team_seasonal_stats_583ecb8f-fb46-11e1-82cb-f4ce4684ea4c.json"; sourceTree = "<group>"; };
		2BDBC9F3265AE03E003FF773 /* team_seasonal_stats_583ecc9a-fb46-11e1-82cb-f4ce4684ea4c.json */ = {isa = PBXFileReference; fileEncoding = 4; lastKnownFileType = text.json; path = "team_seasonal_stats_583ecc9a-fb46-11e1-82cb-f4ce4684ea4c.json"; sourceTree = "<group>"; };
		2BDBC9F4265AE03E003FF773 /* team_seasonal_stats_583eccfa-fb46-11e1-82cb-f4ce4684ea4c.json */ = {isa = PBXFileReference; fileEncoding = 4; lastKnownFileType = text.json; path = "team_seasonal_stats_583eccfa-fb46-11e1-82cb-f4ce4684ea4c.json"; sourceTree = "<group>"; };
		2BDBC9F5265AE03E003FF773 /* team_seasonal_stats_583ecd4f-fb46-11e1-82cb-f4ce4684ea4c.json */ = {isa = PBXFileReference; fileEncoding = 4; lastKnownFileType = text.json; path = "team_seasonal_stats_583ecd4f-fb46-11e1-82cb-f4ce4684ea4c.json"; sourceTree = "<group>"; };
		2BDBC9F6265AE03E003FF773 /* team_seasonal_stats_583ecda6-fb46-11e1-82cb-f4ce4684ea4c.json */ = {isa = PBXFileReference; fileEncoding = 4; lastKnownFileType = text.json; path = "team_seasonal_stats_583ecda6-fb46-11e1-82cb-f4ce4684ea4c.json"; sourceTree = "<group>"; };
		2BDBC9F7265AE03E003FF773 /* team_seasonal_stats_583ecdfb-fb46-11e1-82cb-f4ce4684ea4c.json */ = {isa = PBXFileReference; fileEncoding = 4; lastKnownFileType = text.json; path = "team_seasonal_stats_583ecdfb-fb46-11e1-82cb-f4ce4684ea4c.json"; sourceTree = "<group>"; };
		2BDBC9F9265AE03E003FF773 /* team_seasonal_stats_583ecea6-fb46-11e1-82cb-f4ce4684ea4c.json */ = {isa = PBXFileReference; fileEncoding = 4; lastKnownFileType = text.json; path = "team_seasonal_stats_583ecea6-fb46-11e1-82cb-f4ce4684ea4c.json"; sourceTree = "<group>"; };
		2BDBC9FA265AE03E003FF773 /* team_seasonal_stats_583ecefd-fb46-11e1-82cb-f4ce4684ea4c.json */ = {isa = PBXFileReference; fileEncoding = 4; lastKnownFileType = text.json; path = "team_seasonal_stats_583ecefd-fb46-11e1-82cb-f4ce4684ea4c.json"; sourceTree = "<group>"; };
		2BDBC9FB265AE03F003FF773 /* team_seasonal_stats_583ecf50-fb46-11e1-82cb-f4ce4684ea4c.json */ = {isa = PBXFileReference; fileEncoding = 4; lastKnownFileType = text.json; path = "team_seasonal_stats_583ecf50-fb46-11e1-82cb-f4ce4684ea4c.json"; sourceTree = "<group>"; };
		2BDBC9FC265AE03F003FF773 /* team_seasonal_stats_583ecfa8-fb46-11e1-82cb-f4ce4684ea4c.json */ = {isa = PBXFileReference; fileEncoding = 4; lastKnownFileType = text.json; path = "team_seasonal_stats_583ecfa8-fb46-11e1-82cb-f4ce4684ea4c.json"; sourceTree = "<group>"; };
		2BDBC9FD265AE03F003FF773 /* team_seasonal_stats_583ecfff-fb46-11e1-82cb-f4ce4684ea4c.json */ = {isa = PBXFileReference; fileEncoding = 4; lastKnownFileType = text.json; path = "team_seasonal_stats_583ecfff-fb46-11e1-82cb-f4ce4684ea4c.json"; sourceTree = "<group>"; };
		2BDBC9FE265AE03F003FF773 /* team_seasonal_stats_583ed0ac-fb46-11e1-82cb-f4ce4684ea4c.json */ = {isa = PBXFileReference; fileEncoding = 4; lastKnownFileType = text.json; path = "team_seasonal_stats_583ed0ac-fb46-11e1-82cb-f4ce4684ea4c.json"; sourceTree = "<group>"; };
		2BDBC9FF265AE03F003FF773 /* team_seasonal_stats_583ed056-fb46-11e1-82cb-f4ce4684ea4c.json */ = {isa = PBXFileReference; fileEncoding = 4; lastKnownFileType = text.json; path = "team_seasonal_stats_583ed056-fb46-11e1-82cb-f4ce4684ea4c.json"; sourceTree = "<group>"; };
		2BDBCA00265AE03F003FF773 /* team_seasonal_stats_583ed102-fb46-11e1-82cb-f4ce4684ea4c.json */ = {isa = PBXFileReference; fileEncoding = 4; lastKnownFileType = text.json; path = "team_seasonal_stats_583ed102-fb46-11e1-82cb-f4ce4684ea4c.json"; sourceTree = "<group>"; };
		2BDBCA01265AE03F003FF773 /* team_seasonal_stats_583ed157-fb46-11e1-82cb-f4ce4684ea4c.json */ = {isa = PBXFileReference; fileEncoding = 4; lastKnownFileType = text.json; path = "team_seasonal_stats_583ed157-fb46-11e1-82cb-f4ce4684ea4c.json"; sourceTree = "<group>"; };
/* End PBXFileReference section */

/* Begin PBXFrameworksBuildPhase section */
		2B29750A264C1B9B0091FBDD /* Frameworks */ = {
			isa = PBXFrameworksBuildPhase;
			buildActionMask = 2147483647;
			files = (
				2B8AFC34265DC52D00881E18 /* SwiftUIX in Frameworks */,
			);
			runOnlyForDeploymentPostprocessing = 0;
		};
/* End PBXFrameworksBuildPhase section */

/* Begin PBXGroup section */
		2B297504264C1B9B0091FBDD = {
			isa = PBXGroup;
			children = (
				2B29750F264C1B9B0091FBDD /* NBA Stats */,
				2B29750E264C1B9B0091FBDD /* Products */,
			);
			sourceTree = "<group>";
		};
		2B29750E264C1B9B0091FBDD /* Products */ = {
			isa = PBXGroup;
			children = (
				2B29750D264C1B9B0091FBDD /* NBA Stats.app */,
			);
			name = Products;
			sourceTree = "<group>";
		};
		2B29750F264C1B9B0091FBDD /* NBA Stats */ = {
			isa = PBXGroup;
			children = (
				2B8AFC2A265BF9C100881E18 /* Extension */,
				2B8C3091265141F500C2CC0F /* data-2.json */,
				2B8C3090265141F500C2CC0F /* team_roster.json */,
				2B8C3092265141F500C2CC0F /* team_standing.json */,
				2BDBC9E2265AA70E003FF773 /* jsonFile */,
				2B297522264C21520091FBDD /* Constants.swift */,
				2B297521264C212D0091FBDD /* Models */,
				2B297520264C211B0091FBDD /* ViewModels */,
				2B29751F264C21100091FBDD /* Views */,
				2B297510264C1B9B0091FBDD /* NBA_StatsApp.swift */,
				2B297514264C1B9C0091FBDD /* Assets.xcassets */,
				2B297519264C1B9C0091FBDD /* Info.plist */,
				2B297516264C1B9C0091FBDD /* Preview Content */,
				2B8C308D265131DC00C2CC0F /* extension.swift */,
			);
			path = "NBA Stats";
			sourceTree = "<group>";
		};
		2B297516264C1B9C0091FBDD /* Preview Content */ = {
			isa = PBXGroup;
			children = (
				2B297517264C1B9C0091FBDD /* Preview Assets.xcassets */,
			);
			path = "Preview Content";
			sourceTree = "<group>";
		};
		2B29751F264C21100091FBDD /* Views */ = {
			isa = PBXGroup;
			children = (
				2B59DCAA264ED241009B088C /* Components */,
				2B29752C264C4ADF0091FBDD /* SelectTeamsView.swift */,
				2B29752E264C58810091FBDD /* SearchBar.swift */,
				2BDBC9E02659ED20003FF773 /* TeamRecordDetails.swift */,
				2B8AFC39265F0E4900881E18 /* TeamPlayersDetails.swift */,
				2B297524264C3C0D0091FBDD /* UserHomeView.swift */,
				2B59DCA8264ED204009B088C /* TabViewHome.swift */,
			);
			path = Views;
			sourceTree = "<group>";
		};
		2B297520264C211B0091FBDD /* ViewModels */ = {
			isa = PBXGroup;
			children = (
				2B59DCAB264ED2CD009B088C /* TeamListViewModel.swift */,
				2B59DCAD264ED335009B088C /* TeamViewModel.swift */,
				2B8AFC3B265F0F3C00881E18 /* TeamPlayersViewModel.swift */,
			);
			path = ViewModels;
			sourceTree = "<group>";
		};
		2B297521264C212D0091FBDD /* Models */ = {
			isa = PBXGroup;
			children = (
				2B29752A264C46AA0091FBDD /* ApiResponse.swift */,
				2B297526264C45B40091FBDD /* APIService.swift */,
				2BDBC9DE2659CCCA003FF773 /* TeamSeasonalStats.swift */,
			);
			path = Models;
			sourceTree = "<group>";
		};
		2B59DCAA264ED241009B088C /* Components */ = {
			isa = PBXGroup;
			children = (
				2B8AFC37265DC5CF00881E18 /* PaginationViewCollection.swift */,
				2B8AFC35265DC54B00881E18 /* TabBar.swift */,
				2B8AFC28265B43D100881E18 /* MyProgressView.swift */,
				2B8AFC3D265F3B4F00881E18 /* PlayerListRow.swift */,
				2B297512264C1B9B0091FBDD /* TeamCardView.swift */,
			);
			path = Components;
			sourceTree = "<group>";
		};
		2B8AFC2A265BF9C100881E18 /* Extension */ = {
			isa = PBXGroup;
			children = (
				2B8AFC2B265C121500881E18 /* Extension.swift */,
			);
			path = Extension;
			sourceTree = "<group>";
		};
		2BDBC9E2265AA70E003FF773 /* jsonFile */ = {
			isa = PBXGroup;
			children = (
				2BDBC9E3265AE02B003FF773 /* TeamSeasonalStats */,
				2B8C308F265141F500C2CC0F /* team_seasonal_stats_583ece50-fb46-11e1-82cb-f4ce4684ea4c.json */,
			);
			path = jsonFile;
			sourceTree = "<group>";
		};
		2BDBC9E3265AE02B003FF773 /* TeamSeasonalStats */ = {
			isa = PBXGroup;
			children = (
				2BDBC9EF265AE03E003FF773 /* team_seasonal_stats_583ec5fd-fb46-11e1-82cb-f4ce4684ea4c.json */,
				2BDBC9ED265AE03E003FF773 /* team_seasonal_stats_583ec7cd-fb46-11e1-82cb-f4ce4684ea4c.json */,
				2BDBC9EE265AE03E003FF773 /* team_seasonal_stats_583ec8d4-fb46-11e1-82cb-f4ce4684ea4c.json */,
				2BDBC9E4265AE03E003FF773 /* team_seasonal_stats_583ec9d6-fb46-11e1-82cb-f4ce4684ea4c.json */,
				2BDBC9E5265AE03E003FF773 /* team_seasonal_stats_583ec70e-fb46-11e1-82cb-f4ce4684ea4c.json */,
				2BDBC9E6265AE03E003FF773 /* team_seasonal_stats_583ec87d-fb46-11e1-82cb-f4ce4684ea4c.json */,
				2BDBC9E7265AE03E003FF773 /* team_seasonal_stats_583ec97e-fb46-11e1-82cb-f4ce4684ea4c.json */,
				2BDBC9E8265AE03E003FF773 /* team_seasonal_stats_583ec773-fb46-11e1-82cb-f4ce4684ea4c.json */,
				2BDBC9E9265AE03E003FF773 /* team_seasonal_stats_583ec825-fb46-11e1-82cb-f4ce4684ea4c.json */,
				2BDBC9EA265AE03E003FF773 /* team_seasonal_stats_583ec928-fb46-11e1-82cb-f4ce4684ea4c.json */,
				2BDBC9EB265AE03E003FF773 /* team_seasonal_stats_583eca2f-fb46-11e1-82cb-f4ce4684ea4c.json */,
				2BDBC9EC265AE03E003FF773 /* team_seasonal_stats_583eca88-fb46-11e1-82cb-f4ce4684ea4c.json */,
				2BDBC9F0265AE03E003FF773 /* team_seasonal_stats_583ecae2-fb46-11e1-82cb-f4ce4684ea4c.json */,
				2BDBC9F1265AE03E003FF773 /* team_seasonal_stats_583ecb3a-fb46-11e1-82cb-f4ce4684ea4c.json */,
				2BDBC9F2265AE03E003FF773 /* team_seasonal_stats_583ecb8f-fb46-11e1-82cb-f4ce4684ea4c.json */,
				2BDBC9F3265AE03E003FF773 /* team_seasonal_stats_583ecc9a-fb46-11e1-82cb-f4ce4684ea4c.json */,
				2BDBC9F4265AE03E003FF773 /* team_seasonal_stats_583eccfa-fb46-11e1-82cb-f4ce4684ea4c.json */,
				2BDBC9F5265AE03E003FF773 /* team_seasonal_stats_583ecd4f-fb46-11e1-82cb-f4ce4684ea4c.json */,
				2BDBC9F6265AE03E003FF773 /* team_seasonal_stats_583ecda6-fb46-11e1-82cb-f4ce4684ea4c.json */,
				2BDBC9F7265AE03E003FF773 /* team_seasonal_stats_583ecdfb-fb46-11e1-82cb-f4ce4684ea4c.json */,
				2BDBC9F9265AE03E003FF773 /* team_seasonal_stats_583ecea6-fb46-11e1-82cb-f4ce4684ea4c.json */,
				2BDBC9FA265AE03E003FF773 /* team_seasonal_stats_583ecefd-fb46-11e1-82cb-f4ce4684ea4c.json */,
				2BDBC9FB265AE03F003FF773 /* team_seasonal_stats_583ecf50-fb46-11e1-82cb-f4ce4684ea4c.json */,
				2BDBC9FC265AE03F003FF773 /* team_seasonal_stats_583ecfa8-fb46-11e1-82cb-f4ce4684ea4c.json */,
				2BDBC9FD265AE03F003FF773 /* team_seasonal_stats_583ecfff-fb46-11e1-82cb-f4ce4684ea4c.json */,
				2BDBC9FE265AE03F003FF773 /* team_seasonal_stats_583ed0ac-fb46-11e1-82cb-f4ce4684ea4c.json */,
				2BDBC9FF265AE03F003FF773 /* team_seasonal_stats_583ed056-fb46-11e1-82cb-f4ce4684ea4c.json */,
				2BDBCA00265AE03F003FF773 /* team_seasonal_stats_583ed102-fb46-11e1-82cb-f4ce4684ea4c.json */,
				2BDBCA01265AE03F003FF773 /* team_seasonal_stats_583ed157-fb46-11e1-82cb-f4ce4684ea4c.json */,
			);
			path = TeamSeasonalStats;
			sourceTree = "<group>";
		};
/* End PBXGroup section */

/* Begin PBXNativeTarget section */
		2B29750C264C1B9B0091FBDD /* NBA Stats */ = {
			isa = PBXNativeTarget;
			buildConfigurationList = 2B29751C264C1B9C0091FBDD /* Build configuration list for PBXNativeTarget "NBA Stats" */;
			buildPhases = (
				2B297509264C1B9B0091FBDD /* Sources */,
				2B29750A264C1B9B0091FBDD /* Frameworks */,
				2B29750B264C1B9B0091FBDD /* Resources */,
			);
			buildRules = (
			);
			dependencies = (
			);
			name = "NBA Stats";
			packageProductDependencies = (
				2B8AFC33265DC52D00881E18 /* SwiftUIX */,
			);
			productName = "NBA Stats";
			productReference = 2B29750D264C1B9B0091FBDD /* NBA Stats.app */;
			productType = "com.apple.product-type.application";
		};
/* End PBXNativeTarget section */

/* Begin PBXProject section */
		2B297505264C1B9B0091FBDD /* Project object */ = {
			isa = PBXProject;
			attributes = {
				LastSwiftUpdateCheck = 1250;
				LastUpgradeCheck = 1250;
				TargetAttributes = {
					2B29750C264C1B9B0091FBDD = {
						CreatedOnToolsVersion = 12.5;
					};
				};
			};
			buildConfigurationList = 2B297508264C1B9B0091FBDD /* Build configuration list for PBXProject "NBA Stats" */;
			compatibilityVersion = "Xcode 9.3";
			developmentRegion = en;
			hasScannedForEncodings = 0;
			knownRegions = (
				en,
				Base,
			);
			mainGroup = 2B297504264C1B9B0091FBDD;
			packageReferences = (
				2B8AFC32265DC52D00881E18 /* XCRemoteSwiftPackageReference "SwiftUIX" */,
			);
			productRefGroup = 2B29750E264C1B9B0091FBDD /* Products */;
			projectDirPath = "";
			projectRoot = "";
			targets = (
				2B29750C264C1B9B0091FBDD /* NBA Stats */,
			);
		};
/* End PBXProject section */

/* Begin PBXResourcesBuildPhase section */
		2B29750B264C1B9B0091FBDD /* Resources */ = {
			isa = PBXResourcesBuildPhase;
			buildActionMask = 2147483647;
			files = (
				2BDBCA04265AE03F003FF773 /* team_seasonal_stats_583ec87d-fb46-11e1-82cb-f4ce4684ea4c.json in Resources */,
				2BDBCA02265AE03F003FF773 /* team_seasonal_stats_583ec9d6-fb46-11e1-82cb-f4ce4684ea4c.json in Resources */,
				2BDBCA1A265AE03F003FF773 /* team_seasonal_stats_583ecfa8-fb46-11e1-82cb-f4ce4684ea4c.json in Resources */,
				2B8C3093265141F500C2CC0F /* team_seasonal_stats_583ece50-fb46-11e1-82cb-f4ce4684ea4c.json in Resources */,
				2B8C3094265141F500C2CC0F /* team_roster.json in Resources */,
				2BDBCA17265AE03F003FF773 /* team_seasonal_stats_583ecea6-fb46-11e1-82cb-f4ce4684ea4c.json in Resources */,
				2BDBCA1F265AE03F003FF773 /* team_seasonal_stats_583ed157-fb46-11e1-82cb-f4ce4684ea4c.json in Resources */,
				2BDBCA0C265AE03F003FF773 /* team_seasonal_stats_583ec8d4-fb46-11e1-82cb-f4ce4684ea4c.json in Resources */,
				2BDBCA10265AE03F003FF773 /* team_seasonal_stats_583ecb8f-fb46-11e1-82cb-f4ce4684ea4c.json in Resources */,
				2B8C3096265141F500C2CC0F /* team_standing.json in Resources */,
				2BDBCA14265AE03F003FF773 /* team_seasonal_stats_583ecda6-fb46-11e1-82cb-f4ce4684ea4c.json in Resources */,
				2BDBCA1B265AE03F003FF773 /* team_seasonal_stats_583ecfff-fb46-11e1-82cb-f4ce4684ea4c.json in Resources */,
				2BDBCA03265AE03F003FF773 /* team_seasonal_stats_583ec70e-fb46-11e1-82cb-f4ce4684ea4c.json in Resources */,
				2BDBCA12265AE03F003FF773 /* team_seasonal_stats_583eccfa-fb46-11e1-82cb-f4ce4684ea4c.json in Resources */,
				2BDBCA0B265AE03F003FF773 /* team_seasonal_stats_583ec7cd-fb46-11e1-82cb-f4ce4684ea4c.json in Resources */,
				2B8C3095265141F500C2CC0F /* data-2.json in Resources */,
				2BDBCA0D265AE03F003FF773 /* team_seasonal_stats_583ec5fd-fb46-11e1-82cb-f4ce4684ea4c.json in Resources */,
				2BDBCA07265AE03F003FF773 /* team_seasonal_stats_583ec825-fb46-11e1-82cb-f4ce4684ea4c.json in Resources */,
				2BDBCA1D265AE03F003FF773 /* team_seasonal_stats_583ed056-fb46-11e1-82cb-f4ce4684ea4c.json in Resources */,
				2BDBCA06265AE03F003FF773 /* team_seasonal_stats_583ec773-fb46-11e1-82cb-f4ce4684ea4c.json in Resources */,
				2BDBCA13265AE03F003FF773 /* team_seasonal_stats_583ecd4f-fb46-11e1-82cb-f4ce4684ea4c.json in Resources */,
				2BDBCA11265AE03F003FF773 /* team_seasonal_stats_583ecc9a-fb46-11e1-82cb-f4ce4684ea4c.json in Resources */,
				2BDBCA1E265AE03F003FF773 /* team_seasonal_stats_583ed102-fb46-11e1-82cb-f4ce4684ea4c.json in Resources */,
				2BDBCA0E265AE03F003FF773 /* team_seasonal_stats_583ecae2-fb46-11e1-82cb-f4ce4684ea4c.json in Resources */,
				2BDBCA09265AE03F003FF773 /* team_seasonal_stats_583eca2f-fb46-11e1-82cb-f4ce4684ea4c.json in Resources */,
				2B297518264C1B9C0091FBDD /* Preview Assets.xcassets in Resources */,
				2BDBCA08265AE03F003FF773 /* team_seasonal_stats_583ec928-fb46-11e1-82cb-f4ce4684ea4c.json in Resources */,
				2B297515264C1B9C0091FBDD /* Assets.xcassets in Resources */,
				2BDBCA15265AE03F003FF773 /* team_seasonal_stats_583ecdfb-fb46-11e1-82cb-f4ce4684ea4c.json in Resources */,
				2BDBCA19265AE03F003FF773 /* team_seasonal_stats_583ecf50-fb46-11e1-82cb-f4ce4684ea4c.json in Resources */,
				2BDBCA05265AE03F003FF773 /* team_seasonal_stats_583ec97e-fb46-11e1-82cb-f4ce4684ea4c.json in Resources */,
				2BDBCA1C265AE03F003FF773 /* team_seasonal_stats_583ed0ac-fb46-11e1-82cb-f4ce4684ea4c.json in Resources */,
				2BDBCA0F265AE03F003FF773 /* team_seasonal_stats_583ecb3a-fb46-11e1-82cb-f4ce4684ea4c.json in Resources */,
				2BDBCA18265AE03F003FF773 /* team_seasonal_stats_583ecefd-fb46-11e1-82cb-f4ce4684ea4c.json in Resources */,
				2BDBCA0A265AE03F003FF773 /* team_seasonal_stats_583eca88-fb46-11e1-82cb-f4ce4684ea4c.json in Resources */,
			);
			runOnlyForDeploymentPostprocessing = 0;
		};
/* End PBXResourcesBuildPhase section */

/* Begin PBXSourcesBuildPhase section */
		2B297509264C1B9B0091FBDD /* Sources */ = {
			isa = PBXSourcesBuildPhase;
			buildActionMask = 2147483647;
			files = (
				2B297525264C3C0D0091FBDD /* UserHomeView.swift in Sources */,
				2B297527264C45B40091FBDD /* APIService.swift in Sources */,
				2B8AFC36265DC54B00881E18 /* TabBar.swift in Sources */,
				2B8AFC3E265F3B4F00881E18 /* PlayerListRow.swift in Sources */,
				2B8AFC3A265F0E4900881E18 /* TeamPlayersDetails.swift in Sources */,
				2B8C308E265131DC00C2CC0F /* extension.swift in Sources */,
				2B29752B264C46AA0091FBDD /* ApiResponse.swift in Sources */,
				2B297513264C1B9B0091FBDD /* TeamCardView.swift in Sources */,
				2B8AFC38265DC5CF00881E18 /* PaginationViewCollection.swift in Sources */,
				2B59DCAE264ED335009B088C /* TeamViewModel.swift in Sources */,
				2B8AFC29265B43D100881E18 /* MyProgressView.swift in Sources */,
				2B29752F264C58810091FBDD /* SearchBar.swift in Sources */,
				2B29752D264C4ADF0091FBDD /* SelectTeamsView.swift in Sources */,
				2B8AFC2C265C121500881E18 /* Extension.swift in Sources */,
				2BDBC9DF2659CCCA003FF773 /* TeamSeasonalStats.swift in Sources */,
				2BDBC9E12659ED20003FF773 /* TeamRecordDetails.swift in Sources */,
				2B59DCA9264ED204009B088C /* TabViewHome.swift in Sources */,
				2B8AFC3C265F0F3C00881E18 /* TeamPlayersViewModel.swift in Sources */,
				2B297511264C1B9B0091FBDD /* NBA_StatsApp.swift in Sources */,
				2B59DCAC264ED2CD009B088C /* TeamListViewModel.swift in Sources */,
				2B297523264C21520091FBDD /* Constants.swift in Sources */,
			);
			runOnlyForDeploymentPostprocessing = 0;
		};
/* End PBXSourcesBuildPhase section */

/* Begin XCBuildConfiguration section */
		2B29751A264C1B9C0091FBDD /* Debug */ = {
			isa = XCBuildConfiguration;
			buildSettings = {
				ALWAYS_SEARCH_USER_PATHS = NO;
				CLANG_ANALYZER_NONNULL = YES;
				CLANG_ANALYZER_NUMBER_OBJECT_CONVERSION = YES_AGGRESSIVE;
				CLANG_CXX_LANGUAGE_STANDARD = "gnu++14";
				CLANG_CXX_LIBRARY = "libc++";
				CLANG_ENABLE_MODULES = YES;
				CLANG_ENABLE_OBJC_ARC = YES;
				CLANG_ENABLE_OBJC_WEAK = YES;
				CLANG_WARN_BLOCK_CAPTURE_AUTORELEASING = YES;
				CLANG_WARN_BOOL_CONVERSION = YES;
				CLANG_WARN_COMMA = YES;
				CLANG_WARN_CONSTANT_CONVERSION = YES;
				CLANG_WARN_DEPRECATED_OBJC_IMPLEMENTATIONS = YES;
				CLANG_WARN_DIRECT_OBJC_ISA_USAGE = YES_ERROR;
				CLANG_WARN_DOCUMENTATION_COMMENTS = YES;
				CLANG_WARN_EMPTY_BODY = YES;
				CLANG_WARN_ENUM_CONVERSION = YES;
				CLANG_WARN_INFINITE_RECURSION = YES;
				CLANG_WARN_INT_CONVERSION = YES;
				CLANG_WARN_NON_LITERAL_NULL_CONVERSION = YES;
				CLANG_WARN_OBJC_IMPLICIT_RETAIN_SELF = YES;
				CLANG_WARN_OBJC_LITERAL_CONVERSION = YES;
				CLANG_WARN_OBJC_ROOT_CLASS = YES_ERROR;
				CLANG_WARN_QUOTED_INCLUDE_IN_FRAMEWORK_HEADER = YES;
				CLANG_WARN_RANGE_LOOP_ANALYSIS = YES;
				CLANG_WARN_STRICT_PROTOTYPES = YES;
				CLANG_WARN_SUSPICIOUS_MOVE = YES;
				CLANG_WARN_UNGUARDED_AVAILABILITY = YES_AGGRESSIVE;
				CLANG_WARN_UNREACHABLE_CODE = YES;
				CLANG_WARN__DUPLICATE_METHOD_MATCH = YES;
				COPY_PHASE_STRIP = NO;
				DEBUG_INFORMATION_FORMAT = dwarf;
				ENABLE_STRICT_OBJC_MSGSEND = YES;
				ENABLE_TESTABILITY = YES;
				GCC_C_LANGUAGE_STANDARD = gnu11;
				GCC_DYNAMIC_NO_PIC = NO;
				GCC_NO_COMMON_BLOCKS = YES;
				GCC_OPTIMIZATION_LEVEL = 0;
				GCC_PREPROCESSOR_DEFINITIONS = (
					"DEBUG=1",
					"$(inherited)",
				);
				GCC_WARN_64_TO_32_BIT_CONVERSION = YES;
				GCC_WARN_ABOUT_RETURN_TYPE = YES_ERROR;
				GCC_WARN_UNDECLARED_SELECTOR = YES;
				GCC_WARN_UNINITIALIZED_AUTOS = YES_AGGRESSIVE;
				GCC_WARN_UNUSED_FUNCTION = YES;
				GCC_WARN_UNUSED_VARIABLE = YES;
				IPHONEOS_DEPLOYMENT_TARGET = 14.5;
				MTL_ENABLE_DEBUG_INFO = INCLUDE_SOURCE;
				MTL_FAST_MATH = YES;
				ONLY_ACTIVE_ARCH = YES;
				SDKROOT = iphoneos;
				SWIFT_ACTIVE_COMPILATION_CONDITIONS = DEBUG;
				SWIFT_OPTIMIZATION_LEVEL = "-Onone";
			};
			name = Debug;
		};
		2B29751B264C1B9C0091FBDD /* Release */ = {
			isa = XCBuildConfiguration;
			buildSettings = {
				ALWAYS_SEARCH_USER_PATHS = NO;
				CLANG_ANALYZER_NONNULL = YES;
				CLANG_ANALYZER_NUMBER_OBJECT_CONVERSION = YES_AGGRESSIVE;
				CLANG_CXX_LANGUAGE_STANDARD = "gnu++14";
				CLANG_CXX_LIBRARY = "libc++";
				CLANG_ENABLE_MODULES = YES;
				CLANG_ENABLE_OBJC_ARC = YES;
				CLANG_ENABLE_OBJC_WEAK = YES;
				CLANG_WARN_BLOCK_CAPTURE_AUTORELEASING = YES;
				CLANG_WARN_BOOL_CONVERSION = YES;
				CLANG_WARN_COMMA = YES;
				CLANG_WARN_CONSTANT_CONVERSION = YES;
				CLANG_WARN_DEPRECATED_OBJC_IMPLEMENTATIONS = YES;
				CLANG_WARN_DIRECT_OBJC_ISA_USAGE = YES_ERROR;
				CLANG_WARN_DOCUMENTATION_COMMENTS = YES;
				CLANG_WARN_EMPTY_BODY = YES;
				CLANG_WARN_ENUM_CONVERSION = YES;
				CLANG_WARN_INFINITE_RECURSION = YES;
				CLANG_WARN_INT_CONVERSION = YES;
				CLANG_WARN_NON_LITERAL_NULL_CONVERSION = YES;
				CLANG_WARN_OBJC_IMPLICIT_RETAIN_SELF = YES;
				CLANG_WARN_OBJC_LITERAL_CONVERSION = YES;
				CLANG_WARN_OBJC_ROOT_CLASS = YES_ERROR;
				CLANG_WARN_QUOTED_INCLUDE_IN_FRAMEWORK_HEADER = YES;
				CLANG_WARN_RANGE_LOOP_ANALYSIS = YES;
				CLANG_WARN_STRICT_PROTOTYPES = YES;
				CLANG_WARN_SUSPICIOUS_MOVE = YES;
				CLANG_WARN_UNGUARDED_AVAILABILITY = YES_AGGRESSIVE;
				CLANG_WARN_UNREACHABLE_CODE = YES;
				CLANG_WARN__DUPLICATE_METHOD_MATCH = YES;
				COPY_PHASE_STRIP = NO;
				DEBUG_INFORMATION_FORMAT = "dwarf-with-dsym";
				ENABLE_NS_ASSERTIONS = NO;
				ENABLE_STRICT_OBJC_MSGSEND = YES;
				GCC_C_LANGUAGE_STANDARD = gnu11;
				GCC_NO_COMMON_BLOCKS = YES;
				GCC_WARN_64_TO_32_BIT_CONVERSION = YES;
				GCC_WARN_ABOUT_RETURN_TYPE = YES_ERROR;
				GCC_WARN_UNDECLARED_SELECTOR = YES;
				GCC_WARN_UNINITIALIZED_AUTOS = YES_AGGRESSIVE;
				GCC_WARN_UNUSED_FUNCTION = YES;
				GCC_WARN_UNUSED_VARIABLE = YES;
				IPHONEOS_DEPLOYMENT_TARGET = 14.5;
				MTL_ENABLE_DEBUG_INFO = NO;
				MTL_FAST_MATH = YES;
				SDKROOT = iphoneos;
				SWIFT_COMPILATION_MODE = wholemodule;
				SWIFT_OPTIMIZATION_LEVEL = "-O";
				VALIDATE_PRODUCT = YES;
			};
			name = Release;
		};
		2B29751D264C1B9C0091FBDD /* Debug */ = {
			isa = XCBuildConfiguration;
			buildSettings = {
				ASSETCATALOG_COMPILER_APPICON_NAME = AppIcon;
				ASSETCATALOG_COMPILER_GLOBAL_ACCENT_COLOR_NAME = AccentColor;
				CODE_SIGN_STYLE = Automatic;
				DEVELOPMENT_ASSET_PATHS = "\"NBA Stats/Preview Content\"";
				DEVELOPMENT_TEAM = 9S84Q43P56;
				ENABLE_PREVIEWS = YES;
				INFOPLIST_FILE = "NBA Stats/Info.plist";
				IPHONEOS_DEPLOYMENT_TARGET = 14.0;
				LD_RUNPATH_SEARCH_PATHS = (
					"$(inherited)",
					"@executable_path/Frameworks",
				);
				PRODUCT_BUNDLE_IDENTIFIER = "com.HCtsai.NBA-Stats";
				PRODUCT_NAME = "$(TARGET_NAME)";
				SWIFT_VERSION = 5.0;
				TARGETED_DEVICE_FAMILY = "1,2";
			};
			name = Debug;
		};
		2B29751E264C1B9C0091FBDD /* Release */ = {
			isa = XCBuildConfiguration;
			buildSettings = {
				ASSETCATALOG_COMPILER_APPICON_NAME = AppIcon;
				ASSETCATALOG_COMPILER_GLOBAL_ACCENT_COLOR_NAME = AccentColor;
				CODE_SIGN_STYLE = Automatic;
				DEVELOPMENT_ASSET_PATHS = "\"NBA Stats/Preview Content\"";
				DEVELOPMENT_TEAM = 9S84Q43P56;
				ENABLE_PREVIEWS = YES;
				INFOPLIST_FILE = "NBA Stats/Info.plist";
				IPHONEOS_DEPLOYMENT_TARGET = 14.0;
				LD_RUNPATH_SEARCH_PATHS = (
					"$(inherited)",
					"@executable_path/Frameworks",
				);
				PRODUCT_BUNDLE_IDENTIFIER = "com.HCtsai.NBA-Stats";
				PRODUCT_NAME = "$(TARGET_NAME)";
				SWIFT_VERSION = 5.0;
				TARGETED_DEVICE_FAMILY = "1,2";
			};
			name = Release;
		};
/* End XCBuildConfiguration section */

/* Begin XCConfigurationList section */
		2B297508264C1B9B0091FBDD /* Build configuration list for PBXProject "NBA Stats" */ = {
			isa = XCConfigurationList;
			buildConfigurations = (
				2B29751A264C1B9C0091FBDD /* Debug */,
				2B29751B264C1B9C0091FBDD /* Release */,
			);
			defaultConfigurationIsVisible = 0;
			defaultConfigurationName = Release;
		};
		2B29751C264C1B9C0091FBDD /* Build configuration list for PBXNativeTarget "NBA Stats" */ = {
			isa = XCConfigurationList;
			buildConfigurations = (
				2B29751D264C1B9C0091FBDD /* Debug */,
				2B29751E264C1B9C0091FBDD /* Release */,
			);
			defaultConfigurationIsVisible = 0;
			defaultConfigurationName = Release;
		};
/* End XCConfigurationList section */

/* Begin XCRemoteSwiftPackageReference section */
		2B8AFC32265DC52D00881E18 /* XCRemoteSwiftPackageReference "SwiftUIX" */ = {
			isa = XCRemoteSwiftPackageReference;
			repositoryURL = "https://github.com/SwiftUIX/SwiftUIX.git";
			requirement = {
				kind = upToNextMajorVersion;
				minimumVersion = 0.0.6;
			};
		};
/* End XCRemoteSwiftPackageReference section */

/* Begin XCSwiftPackageProductDependency section */
		2B8AFC33265DC52D00881E18 /* SwiftUIX */ = {
			isa = XCSwiftPackageProductDependency;
			package = 2B8AFC32265DC52D00881E18 /* XCRemoteSwiftPackageReference "SwiftUIX" */;
			productName = SwiftUIX;
		};
/* End XCSwiftPackageProductDependency section */
	};
	rootObject = 2B297505264C1B9B0091FBDD /* Project object */;
}
